
Microsoft Visual Studio Solution File, Format Version 12.00
# Visual Studio Version 17
VisualStudioVersion = 17.0.31903.59
MinimumVisualStudioVersion = 10.0.40219.1
Project("{FAE04EC0-301F-11D3-BF4B-00C04F79EFBC}") = "TodoService", "TodoService\TodoService.csproj", "{23814678-3145-4498-B941-3C337895B7D8}"
EndProject
Project("{FAE04EC0-301F-11D3-BF4B-00C04F79EFBC}") = "TodoService.Tests", "TodoService.Tests\TodoService.Tests.csproj", "{CFCDCCA7-A22C-49A0-A1B6-4C6B6FB31480}"
EndProject
Global
	GlobalSection(SolutionConfigurationPlatforms) = preSolution
		Debug|Any CPU = Debug|Any CPU
		Debug|x64 = Debug|x64
		Debug|x86 = Debug|x86
		Release|Any CPU = Release|Any CPU
		Release|x64 = Release|x64
		Release|x86 = Release|x86
	EndGlobalSection
	GlobalSection(ProjectConfigurationPlatforms) = postSolution
		{23814678-3145-4498-B941-3C337895B7D8}.Debug|Any CPU.ActiveCfg = Debug|Any CPU
		{23814678-3145-4498-B941-3C337895B7D8}.Debug|Any CPU.Build.0 = Debug|Any CPU
		{23814678-3145-4498-B941-3C337895B7D8}.Debug|x64.ActiveCfg = Debug|Any CPU
		{23814678-3145-4498-B941-3C337895B7D8}.Debug|x64.Build.0 = Debug|Any CPU
		{23814678-3145-4498-B941-3C337895B7D8}.Debug|x86.ActiveCfg = Debug|Any CPU
		{23814678-3145-4498-B941-3C337895B7D8}.Debug|x86.Build.0 = Debug|Any CPU
		{23814678-3145-4498-B941-3C337895B7D8}.Release|Any CPU.ActiveCfg = Release|Any CPU
		{23814678-3145-4498-B941-3C337895B7D8}.Release|Any CPU.Build.0 = Release|Any CPU
		{23814678-3145-4498-B941-3C337895B7D8}.Release|x64.ActiveCfg = Release|Any CPU
		{23814678-3145-4498-B941-3C337895B7D8}.Release|x64.Build.0 = Release|Any CPU
		{23814678-3145-4498-B941-3C337895B7D8}.Release|x86.ActiveCfg = Release|Any CPU
		{23814678-3145-4498-B941-3C337895B7D8}.Release|x86.Build.0 = Release|Any CPU
		{CFCDCCA7-A22C-49A0-A1B6-4C6B6FB31480}.Debug|Any CPU.ActiveCfg = Debug|Any CPU
		{CFCDCCA7-A22C-49A0-A1B6-4C6B6FB31480}.Debug|Any CPU.Build.0 = Debug|Any CPU
		{CFCDCCA7-A22C-49A0-A1B6-4C6B6FB31480}.Debug|x64.ActiveCfg = Debug|Any CPU
		{CFCDCCA7-A22C-49A0-A1B6-4C6B6FB31480}.Debug|x64.Build.0 = Debug|Any CPU
		{CFCDCCA7-A22C-49A0-A1B6-4C6B6FB31480}.Debug|x86.ActiveCfg = Debug|Any CPU
		{CFCDCCA7-A22C-49A0-A1B6-4C6B6FB31480}.Debug|x86.Build.0 = Debug|Any CPU
		{CFCDCCA7-A22C-49A0-A1B6-4C6B6FB31480}.Release|Any CPU.ActiveCfg = Release|Any CPU
		{CFCDCCA7-A22C-49A0-A1B6-4C6B6FB31480}.Release|Any CPU.Build.0 = Release|Any CPU
		{CFCDCCA7-A22C-49A0-A1B6-4C6B6FB31480}.Release|x64.ActiveCfg = Release|Any CPU
		{CFCDCCA7-A22C-49A0-A1B6-4C6B6FB31480}.Release|x64.Build.0 = Release|Any CPU
		{CFCDCCA7-A22C-49A0-A1B6-4C6B6FB31480}.Release|x86.ActiveCfg = Release|Any CPU
		{CFCDCCA7-A22C-49A0-A1B6-4C6B6FB31480}.Release|x86.Build.0 = Release|Any CPU
	EndGlobalSection
	GlobalSection(SolutionProperties) = preSolution
		HideSolutionNode = FALSE
	EndGlobalSection
EndGlobal
